
Microsoft Visual Studio Solution File, Format Version 12.00
# Visual Studio 15
VisualStudioVersion = 15.0.28307.168
MinimumVisualStudioVersion = 10.0.40219.1
Project("{9A19103F-16F7-4668-BE54-9A1E7A4F7556}") = "MergeRequestService", "MergeRequestService\MergeRequestService.csproj", "{0F1F5706-F205-4274-B4D7-1BE497A6D86B}"
EndProject
Project("{9A19103F-16F7-4668-BE54-9A1E7A4F7556}") = "MergeRequestService.Test", "MergeRequestService.Test\MergeRequestService.Test.csproj", "{EB42E188-66C4-4C1F-858A-0C4EA6CA00C7}"
EndProject
Global
	GlobalSection(SolutionConfigurationPlatforms) = preSolution
		Debug|Any CPU = Debug|Any CPU
		Release|Any CPU = Release|Any CPU
	EndGlobalSection
	GlobalSection(ProjectConfigurationPlatforms) = postSolution
		{0F1F5706-F205-4274-B4D7-1BE497A6D86B}.Debug|Any CPU.ActiveCfg = Debug|Any CPU
		{0F1F5706-F205-4274-B4D7-1BE497A6D86B}.Debug|Any CPU.Build.0 = Debug|Any CPU
		{0F1F5706-F205-4274-B4D7-1BE497A6D86B}.Release|Any CPU.ActiveCfg = Release|Any CPU
		{0F1F5706-F205-4274-B4D7-1BE497A6D86B}.Release|Any CPU.Build.0 = Release|Any CPU
		{EB42E188-66C4-4C1F-858A-0C4EA6CA00C7}.Debug|Any CPU.ActiveCfg = Debug|Any CPU
		{EB42E188-66C4-4C1F-858A-0C4EA6CA00C7}.Debug|Any CPU.Build.0 = Debug|Any CPU
		{EB42E188-66C4-4C1F-858A-0C4EA6CA00C7}.Release|Any CPU.ActiveCfg = Release|Any CPU
		{EB42E188-66C4-4C1F-858A-0C4EA6CA00C7}.Release|Any CPU.Build.0 = Release|Any CPU
	EndGlobalSection
	GlobalSection(SolutionProperties) = preSolution
		HideSolutionNode = FALSE
	EndGlobalSection
	GlobalSection(ExtensibilityGlobals) = postSolution
		SolutionGuid = {94D34A3B-EFE0-433A-AA07-2D4FE63E9B42}
	EndGlobalSection
EndGlobal
